// !$*UTF8*$!
{
	archiveVersion = 1;
	classes = {
	};
	objectVersion = 56;
	objects = {

/* Begin PBXBuildFile section */
		091451CF299FC6E3006EF55A /* AppDelegate.swift in Sources */ = {isa = PBXBuildFile; fileRef = 091451CE299FC6E3006EF55A /* AppDelegate.swift */; };
		091451D1299FC6E3006EF55A /* SceneDelegate.swift in Sources */ = {isa = PBXBuildFile; fileRef = 091451D0299FC6E3006EF55A /* SceneDelegate.swift */; };
		091451D3299FC6E3006EF55A /* RMTabViewController.swift in Sources */ = {isa = PBXBuildFile; fileRef = 091451D2299FC6E3006EF55A /* RMTabViewController.swift */; };
		091451D8299FC6E5006EF55A /* Assets.xcassets in Resources */ = {isa = PBXBuildFile; fileRef = 091451D7299FC6E5006EF55A /* Assets.xcassets */; };
		091451DB299FC6E5006EF55A /* LaunchScreen.storyboard in Resources */ = {isa = PBXBuildFile; fileRef = 091451D9299FC6E5006EF55A /* LaunchScreen.storyboard */; };
		091451EA299FD478006EF55A /* RMLocation.swift in Sources */ = {isa = PBXBuildFile; fileRef = 091451E9299FD478006EF55A /* RMLocation.swift */; };
		091451EC299FD491006EF55A /* RMCharacter.swift in Sources */ = {isa = PBXBuildFile; fileRef = 091451EB299FD491006EF55A /* RMCharacter.swift */; };
		091451EE299FD4AA006EF55A /* RMEpisode.swift in Sources */ = {isa = PBXBuildFile; fileRef = 091451ED299FD4AA006EF55A /* RMEpisode.swift */; };
		091451F1299FD585006EF55A /* RMCharacterViewController.swift in Sources */ = {isa = PBXBuildFile; fileRef = 091451F0299FD585006EF55A /* RMCharacterViewController.swift */; };
		091451F3299FD5A2006EF55A /* RMLocationViewController.swift in Sources */ = {isa = PBXBuildFile; fileRef = 091451F2299FD5A2006EF55A /* RMLocationViewController.swift */; };
		091451F5299FD5B2006EF55A /* RMEpisodeViewController.swift in Sources */ = {isa = PBXBuildFile; fileRef = 091451F4299FD5B2006EF55A /* RMEpisodeViewController.swift */; };
		091451F7299FD5C1006EF55A /* RMSettingsViewController.swift in Sources */ = {isa = PBXBuildFile; fileRef = 091451F6299FD5C1006EF55A /* RMSettingsViewController.swift */; };
		09C8E9802A17B71E0032AE26 /* RMService.swift in Sources */ = {isa = PBXBuildFile; fileRef = 09C8E97F2A17B71E0032AE26 /* RMService.swift */; };
		09C8E9822A17B7330032AE26 /* RMRequest.swift in Sources */ = {isa = PBXBuildFile; fileRef = 09C8E9812A17B7330032AE26 /* RMRequest.swift */; };
		09C8E9842A17B7CB0032AE26 /* RMEndpoint.swift in Sources */ = {isa = PBXBuildFile; fileRef = 09C8E9832A17B7CB0032AE26 /* RMEndpoint.swift */; };
/* End PBXBuildFile section */

/* Begin PBXFileReference section */
		091451CB299FC6E3006EF55A /* RickAndMorty.app */ = {isa = PBXFileReference; explicitFileType = wrapper.application; includeInIndex = 0; path = RickAndMorty.app; sourceTree = BUILT_PRODUCTS_DIR; };
		091451CE299FC6E3006EF55A /* AppDelegate.swift */ = {isa = PBXFileReference; lastKnownFileType = sourcecode.swift; path = AppDelegate.swift; sourceTree = "<group>"; };
		091451D0299FC6E3006EF55A /* SceneDelegate.swift */ = {isa = PBXFileReference; lastKnownFileType = sourcecode.swift; path = SceneDelegate.swift; sourceTree = "<group>"; };
		091451D2299FC6E3006EF55A /* RMTabViewController.swift */ = {isa = PBXFileReference; lastKnownFileType = sourcecode.swift; path = RMTabViewController.swift; sourceTree = "<group>"; };
		091451D7299FC6E5006EF55A /* Assets.xcassets */ = {isa = PBXFileReference; lastKnownFileType = folder.assetcatalog; path = Assets.xcassets; sourceTree = "<group>"; };
		091451DA299FC6E5006EF55A /* Base */ = {isa = PBXFileReference; lastKnownFileType = file.storyboard; name = Base; path = Base.lproj/LaunchScreen.storyboard; sourceTree = "<group>"; };
		091451DC299FC6E5006EF55A /* Info.plist */ = {isa = PBXFileReference; lastKnownFileType = text.plist.xml; path = Info.plist; sourceTree = "<group>"; };
		091451E9299FD478006EF55A /* RMLocation.swift */ = {isa = PBXFileReference; lastKnownFileType = sourcecode.swift; path = RMLocation.swift; sourceTree = "<group>"; };
		091451EB299FD491006EF55A /* RMCharacter.swift */ = {isa = PBXFileReference; lastKnownFileType = sourcecode.swift; path = RMCharacter.swift; sourceTree = "<group>"; };
		091451ED299FD4AA006EF55A /* RMEpisode.swift */ = {isa = PBXFileReference; lastKnownFileType = sourcecode.swift; path = RMEpisode.swift; sourceTree = "<group>"; };
		091451F0299FD585006EF55A /* RMCharacterViewController.swift */ = {isa = PBXFileReference; lastKnownFileType = sourcecode.swift; path = RMCharacterViewController.swift; sourceTree = "<group>"; };
		091451F2299FD5A2006EF55A /* RMLocationViewController.swift */ = {isa = PBXFileReference; lastKnownFileType = sourcecode.swift; path = RMLocationViewController.swift; sourceTree = "<group>"; };
		091451F4299FD5B2006EF55A /* RMEpisodeViewController.swift */ = {isa = PBXFileReference; lastKnownFileType = sourcecode.swift; path = RMEpisodeViewController.swift; sourceTree = "<group>"; };
		091451F6299FD5C1006EF55A /* RMSettingsViewController.swift */ = {isa = PBXFileReference; lastKnownFileType = sourcecode.swift; path = RMSettingsViewController.swift; sourceTree = "<group>"; };
		09C8E97F2A17B71E0032AE26 /* RMService.swift */ = {isa = PBXFileReference; lastKnownFileType = sourcecode.swift; path = RMService.swift; sourceTree = "<group>"; };
		09C8E9812A17B7330032AE26 /* RMRequest.swift */ = {isa = PBXFileReference; lastKnownFileType = sourcecode.swift; path = RMRequest.swift; sourceTree = "<group>"; };
		09C8E9832A17B7CB0032AE26 /* RMEndpoint.swift */ = {isa = PBXFileReference; lastKnownFileType = sourcecode.swift; path = RMEndpoint.swift; sourceTree = "<group>"; };
/* End PBXFileReference section */

/* Begin PBXFrameworksBuildPhase section */
		091451C8299FC6E3006EF55A /* Frameworks */ = {
			isa = PBXFrameworksBuildPhase;
			buildActionMask = 2147483647;
			files = (
			);
			runOnlyForDeploymentPostprocessing = 0;
		};
/* End PBXFrameworksBuildPhase section */

/* Begin PBXGroup section */
		091451C2299FC6E3006EF55A = {
			isa = PBXGroup;
			children = (
				091451CD299FC6E3006EF55A /* RickAndMorty */,
				091451CC299FC6E3006EF55A /* Products */,
			);
			sourceTree = "<group>";
		};
		091451CC299FC6E3006EF55A /* Products */ = {
			isa = PBXGroup;
			children = (
				091451CB299FC6E3006EF55A /* RickAndMorty.app */,
			);
			name = Products;
			sourceTree = "<group>";
		};
		091451CD299FC6E3006EF55A /* RickAndMorty */ = {
			isa = PBXGroup;
			children = (
				091451E8299FD3A0006EF55A /* Views */,
				091451E7299FD370006EF55A /* APIClient */,
				091451E6299FD356006EF55A /* Resources */,
				091451E5299FD341006EF55A /* Managers */,
				091451E4299FD33E006EF55A /* ViewModels */,
				091451E3299FD33A006EF55A /* Models */,
				091451E2299FD323006EF55A /* Controllers */,
				091451DC299FC6E5006EF55A /* Info.plist */,
			);
			path = RickAndMorty;
			sourceTree = "<group>";
		};
		091451E2299FD323006EF55A /* Controllers */ = {
			isa = PBXGroup;
			children = (
				091451EF299FD520006EF55A /* Core */,
			);
			path = Controllers;
			sourceTree = "<group>";
		};
		091451E3299FD33A006EF55A /* Models */ = {
			isa = PBXGroup;
			children = (
				091451E9299FD478006EF55A /* RMLocation.swift */,
				091451EB299FD491006EF55A /* RMCharacter.swift */,
				091451ED299FD4AA006EF55A /* RMEpisode.swift */,
			);
			path = Models;
			sourceTree = "<group>";
		};
		091451E4299FD33E006EF55A /* ViewModels */ = {
			isa = PBXGroup;
			children = (
			);
			path = ViewModels;
			sourceTree = "<group>";
		};
		091451E5299FD341006EF55A /* Managers */ = {
			isa = PBXGroup;
			children = (
			);
			path = Managers;
			sourceTree = "<group>";
		};
		091451E6299FD356006EF55A /* Resources */ = {
			isa = PBXGroup;
			children = (
				091451D7299FC6E5006EF55A /* Assets.xcassets */,
				091451D9299FC6E5006EF55A /* LaunchScreen.storyboard */,
				091451CE299FC6E3006EF55A /* AppDelegate.swift */,
				091451D0299FC6E3006EF55A /* SceneDelegate.swift */,
			);
			path = Resources;
			sourceTree = "<group>";
		};
		091451E7299FD370006EF55A /* APIClient */ = {
			isa = PBXGroup;
			children = (
				09C8E97F2A17B71E0032AE26 /* RMService.swift */,
				09C8E9812A17B7330032AE26 /* RMRequest.swift */,
				09C8E9832A17B7CB0032AE26 /* RMEndpoint.swift */,
			);
			path = APIClient;
			sourceTree = "<group>";
		};
		091451E8299FD3A0006EF55A /* Views */ = {
			isa = PBXGroup;
			children = (
			);
			path = Views;
			sourceTree = "<group>";
		};
		091451EF299FD520006EF55A /* Core */ = {
			isa = PBXGroup;
			children = (
				091451D2299FC6E3006EF55A /* RMTabViewController.swift */,
				091451F0299FD585006EF55A /* RMCharacterViewController.swift */,
				091451F2299FD5A2006EF55A /* RMLocationViewController.swift */,
				091451F4299FD5B2006EF55A /* RMEpisodeViewController.swift */,
				091451F6299FD5C1006EF55A /* RMSettingsViewController.swift */,
			);
			path = Core;
			sourceTree = "<group>";
		};
/* End PBXGroup section */

/* Begin PBXNativeTarget section */
		091451CA299FC6E3006EF55A /* RickAndMorty */ = {
			isa = PBXNativeTarget;
			buildConfigurationList = 091451DF299FC6E5006EF55A /* Build configuration list for PBXNativeTarget "RickAndMorty" */;
			buildPhases = (
				091451C7299FC6E3006EF55A /* Sources */,
				091451C8299FC6E3006EF55A /* Frameworks */,
				091451C9299FC6E3006EF55A /* Resources */,
			);
			buildRules = (
			);
			dependencies = (
			);
			name = RickAndMorty;
			productName = RickAndMorty;
			productReference = 091451CB299FC6E3006EF55A /* RickAndMorty.app */;
			productType = "com.apple.product-type.application";
		};
/* End PBXNativeTarget section */

/* Begin PBXProject section */
		091451C3299FC6E3006EF55A /* Project object */ = {
			isa = PBXProject;
			attributes = {
				BuildIndependentTargetsInParallel = 1;
				LastSwiftUpdateCheck = 1420;
				LastUpgradeCheck = 1420;
				TargetAttributes = {
					091451CA299FC6E3006EF55A = {
						CreatedOnToolsVersion = 14.2;
					};
				};
			};
			buildConfigurationList = 091451C6299FC6E3006EF55A /* Build configuration list for PBXProject "RickAndMorty" */;
			compatibilityVersion = "Xcode 14.0";
			developmentRegion = en;
			hasScannedForEncodings = 0;
			knownRegions = (
				en,
				Base,
			);
			mainGroup = 091451C2299FC6E3006EF55A;
			productRefGroup = 091451CC299FC6E3006EF55A /* Products */;
			projectDirPath = "";
			projectRoot = "";
			targets = (
				091451CA299FC6E3006EF55A /* RickAndMorty */,
			);
		};
/* End PBXProject section */

/* Begin PBXResourcesBuildPhase section */
		091451C9299FC6E3006EF55A /* Resources */ = {
			isa = PBXResourcesBuildPhase;
			buildActionMask = 2147483647;
			files = (
				091451DB299FC6E5006EF55A /* LaunchScreen.storyboard in Resources */,
				091451D8299FC6E5006EF55A /* Assets.xcassets in Resources */,
			);
			runOnlyForDeploymentPostprocessing = 0;
		};
/* End PBXResourcesBuildPhase section */

/* Begin PBXSourcesBuildPhase section */
		091451C7299FC6E3006EF55A /* Sources */ = {
			isa = PBXSourcesBuildPhase;
			buildActionMask = 2147483647;
			files = (
				091451F3299FD5A2006EF55A /* RMLocationViewController.swift in Sources */,
				091451EE299FD4AA006EF55A /* RMEpisode.swift in Sources */,
				091451D3299FC6E3006EF55A /* RMTabViewController.swift in Sources */,
				091451F5299FD5B2006EF55A /* RMEpisodeViewController.swift in Sources */,
				091451CF299FC6E3006EF55A /* AppDelegate.swift in Sources */,
				091451D1299FC6E3006EF55A /* SceneDelegate.swift in Sources */,
				091451F7299FD5C1006EF55A /* RMSettingsViewController.swift in Sources */,
				09C8E9802A17B71E0032AE26 /* RMService.swift in Sources */,
				091451EA299FD478006EF55A /* RMLocation.swift in Sources */,
				09C8E9842A17B7CB0032AE26 /* RMEndpoint.swift in Sources */,
				091451EC299FD491006EF55A /* RMCharacter.swift in Sources */,
				09C8E9822A17B7330032AE26 /* RMRequest.swift in Sources */,
				091451F1299FD585006EF55A /* RMCharacterViewController.swift in Sources */,
			);
			runOnlyForDeploymentPostprocessing = 0;
		};
/* End PBXSourcesBuildPhase section */

/* Begin PBXVariantGroup section */
		091451D9299FC6E5006EF55A /* LaunchScreen.storyboard */ = {
			isa = PBXVariantGroup;
			children = (
				091451DA299FC6E5006EF55A /* Base */,
			);
			name = LaunchScreen.storyboard;
			sourceTree = "<group>";
		};
/* End PBXVariantGroup section */

/* Begin XCBuildConfiguration section */
		091451DD299FC6E5006EF55A /* Debug */ = {
			isa = XCBuildConfiguration;
			buildSettings = {
				ALWAYS_SEARCH_USER_PATHS = NO;
				CLANG_ANALYZER_NONNULL = YES;
				CLANG_ANALYZER_NUMBER_OBJECT_CONVERSION = YES_AGGRESSIVE;
				CLANG_CXX_LANGUAGE_STANDARD = "gnu++20";
				CLANG_ENABLE_MODULES = YES;
				CLANG_ENABLE_OBJC_ARC = YES;
				CLANG_ENABLE_OBJC_WEAK = YES;
				CLANG_WARN_BLOCK_CAPTURE_AUTORELEASING = YES;
				CLANG_WARN_BOOL_CONVERSION = YES;
				CLANG_WARN_COMMA = YES;
				CLANG_WARN_CONSTANT_CONVERSION = YES;
				CLANG_WARN_DEPRECATED_OBJC_IMPLEMENTATIONS = YES;
				CLANG_WARN_DIRECT_OBJC_ISA_USAGE = YES_ERROR;
				CLANG_WARN_DOCUMENTATION_COMMENTS = YES;
				CLANG_WARN_EMPTY_BODY = YES;
				CLANG_WARN_ENUM_CONVERSION = YES;
				CLANG_WARN_INFINITE_RECURSION = YES;
				CLANG_WARN_INT_CONVERSION = YES;
				CLANG_WARN_NON_LITERAL_NULL_CONVERSION = YES;
				CLANG_WARN_OBJC_IMPLICIT_RETAIN_SELF = YES;
				CLANG_WARN_OBJC_LITERAL_CONVERSION = YES;
				CLANG_WARN_OBJC_ROOT_CLASS = YES_ERROR;
				CLANG_WARN_QUOTED_INCLUDE_IN_FRAMEWORK_HEADER = YES;
				CLANG_WARN_RANGE_LOOP_ANALYSIS = YES;
				CLANG_WARN_STRICT_PROTOTYPES = YES;
				CLANG_WARN_SUSPICIOUS_MOVE = YES;
				CLANG_WARN_UNGUARDED_AVAILABILITY = YES_AGGRESSIVE;
				CLANG_WARN_UNREACHABLE_CODE = YES;
				CLANG_WARN__DUPLICATE_METHOD_MATCH = YES;
				COPY_PHASE_STRIP = NO;
				DEBUG_INFORMATION_FORMAT = dwarf;
				ENABLE_STRICT_OBJC_MSGSEND = YES;
				ENABLE_TESTABILITY = YES;
				GCC_C_LANGUAGE_STANDARD = gnu11;
				GCC_DYNAMIC_NO_PIC = NO;
				GCC_NO_COMMON_BLOCKS = YES;
				GCC_OPTIMIZATION_LEVEL = 0;
				GCC_PREPROCESSOR_DEFINITIONS = (
					"DEBUG=1",
					"$(inherited)",
				);
				GCC_WARN_64_TO_32_BIT_CONVERSION = YES;
				GCC_WARN_ABOUT_RETURN_TYPE = YES_ERROR;
				GCC_WARN_UNDECLARED_SELECTOR = YES;
				GCC_WARN_UNINITIALIZED_AUTOS = YES_AGGRESSIVE;
				GCC_WARN_UNUSED_FUNCTION = YES;
				GCC_WARN_UNUSED_VARIABLE = YES;
				IPHONEOS_DEPLOYMENT_TARGET = 16.2;
				MTL_ENABLE_DEBUG_INFO = INCLUDE_SOURCE;
				MTL_FAST_MATH = YES;
				ONLY_ACTIVE_ARCH = YES;
				SDKROOT = iphoneos;
				SWIFT_ACTIVE_COMPILATION_CONDITIONS = DEBUG;
				SWIFT_OPTIMIZATION_LEVEL = "-Onone";
			};
			name = Debug;
		};
		091451DE299FC6E5006EF55A /* Release */ = {
			isa = XCBuildConfiguration;
			buildSettings = {
				ALWAYS_SEARCH_USER_PATHS = NO;
				CLANG_ANALYZER_NONNULL = YES;
				CLANG_ANALYZER_NUMBER_OBJECT_CONVERSION = YES_AGGRESSIVE;
				CLANG_CXX_LANGUAGE_STANDARD = "gnu++20";
				CLANG_ENABLE_MODULES = YES;
				CLANG_ENABLE_OBJC_ARC = YES;
				CLANG_ENABLE_OBJC_WEAK = YES;
				CLANG_WARN_BLOCK_CAPTURE_AUTORELEASING = YES;
				CLANG_WARN_BOOL_CONVERSION = YES;
				CLANG_WARN_COMMA = YES;
				CLANG_WARN_CONSTANT_CONVERSION = YES;
				CLANG_WARN_DEPRECATED_OBJC_IMPLEMENTATIONS = YES;
				CLANG_WARN_DIRECT_OBJC_ISA_USAGE = YES_ERROR;
				CLANG_WARN_DOCUMENTATION_COMMENTS = YES;
				CLANG_WARN_EMPTY_BODY = YES;
				CLANG_WARN_ENUM_CONVERSION = YES;
				CLANG_WARN_INFINITE_RECURSION = YES;
				CLANG_WARN_INT_CONVERSION = YES;
				CLANG_WARN_NON_LITERAL_NULL_CONVERSION = YES;
				CLANG_WARN_OBJC_IMPLICIT_RETAIN_SELF = YES;
				CLANG_WARN_OBJC_LITERAL_CONVERSION = YES;
				CLANG_WARN_OBJC_ROOT_CLASS = YES_ERROR;
				CLANG_WARN_QUOTED_INCLUDE_IN_FRAMEWORK_HEADER = YES;
				CLANG_WARN_RANGE_LOOP_ANALYSIS = YES;
				CLANG_WARN_STRICT_PROTOTYPES = YES;
				CLANG_WARN_SUSPICIOUS_MOVE = YES;
				CLANG_WARN_UNGUARDED_AVAILABILITY = YES_AGGRESSIVE;
				CLANG_WARN_UNREACHABLE_CODE = YES;
				CLANG_WARN__DUPLICATE_METHOD_MATCH = YES;
				COPY_PHASE_STRIP = NO;
				DEBUG_INFORMATION_FORMAT = "dwarf-with-dsym";
				ENABLE_NS_ASSERTIONS = NO;
				ENABLE_STRICT_OBJC_MSGSEND = YES;
				GCC_C_LANGUAGE_STANDARD = gnu11;
				GCC_NO_COMMON_BLOCKS = YES;
				GCC_WARN_64_TO_32_BIT_CONVERSION = YES;
				GCC_WARN_ABOUT_RETURN_TYPE = YES_ERROR;
				GCC_WARN_UNDECLARED_SELECTOR = YES;
				GCC_WARN_UNINITIALIZED_AUTOS = YES_AGGRESSIVE;
				GCC_WARN_UNUSED_FUNCTION = YES;
				GCC_WARN_UNUSED_VARIABLE = YES;
				IPHONEOS_DEPLOYMENT_TARGET = 16.2;
				MTL_ENABLE_DEBUG_INFO = NO;
				MTL_FAST_MATH = YES;
				SDKROOT = iphoneos;
				SWIFT_COMPILATION_MODE = wholemodule;
				SWIFT_OPTIMIZATION_LEVEL = "-O";
				VALIDATE_PRODUCT = YES;
			};
			name = Release;
		};
		091451E0299FC6E5006EF55A /* Debug */ = {
			isa = XCBuildConfiguration;
			buildSettings = {
				ASSETCATALOG_COMPILER_APPICON_NAME = AppIcon;
				ASSETCATALOG_COMPILER_GLOBAL_ACCENT_COLOR_NAME = AccentColor;
				CODE_SIGN_STYLE = Automatic;
				CURRENT_PROJECT_VERSION = 1;
				GENERATE_INFOPLIST_FILE = YES;
				INFOPLIST_FILE = RickAndMorty/Info.plist;
				INFOPLIST_KEY_UIApplicationSupportsIndirectInputEvents = YES;
				INFOPLIST_KEY_UILaunchStoryboardName = LaunchScreen;
				INFOPLIST_KEY_UIStatusBarStyle = "";
				INFOPLIST_KEY_UISupportedInterfaceOrientations_iPad = "UIInterfaceOrientationPortrait UIInterfaceOrientationPortraitUpsideDown UIInterfaceOrientationLandscapeLeft UIInterfaceOrientationLandscapeRight";
				INFOPLIST_KEY_UISupportedInterfaceOrientations_iPhone = "UIInterfaceOrientationPortrait UIInterfaceOrientationLandscapeLeft UIInterfaceOrientationLandscapeRight";
				LD_RUNPATH_SEARCH_PATHS = (
					"$(inherited)",
					"@executable_path/Frameworks",
				);
				MARKETING_VERSION = 1.0;
				PRODUCT_BUNDLE_IDENTIFIER = com.parm.RickAndMorty;
				PRODUCT_NAME = "$(TARGET_NAME)";
				SWIFT_EMIT_LOC_STRINGS = YES;
				SWIFT_VERSION = 5.0;
				TARGETED_DEVICE_FAMILY = "1,2";
			};
			name = Debug;
		};
		091451E1299FC6E5006EF55A /* Release */ = {
			isa = XCBuildConfiguration;
			buildSettings = {
				ASSETCATALOG_COMPILER_APPICON_NAME = AppIcon;
				ASSETCATALOG_COMPILER_GLOBAL_ACCENT_COLOR_NAME = AccentColor;
				CODE_SIGN_STYLE = Automatic;
				CURRENT_PROJECT_VERSION = 1;
				GENERATE_INFOPLIST_FILE = YES;
				INFOPLIST_FILE = RickAndMorty/Info.plist;
				INFOPLIST_KEY_UIApplicationSupportsIndirectInputEvents = YES;
				INFOPLIST_KEY_UILaunchStoryboardName = LaunchScreen;
				INFOPLIST_KEY_UIStatusBarStyle = "";
				INFOPLIST_KEY_UISupportedInterfaceOrientations_iPad = "UIInterfaceOrientationPortrait UIInterfaceOrientationPortraitUpsideDown UIInterfaceOrientationLandscapeLeft UIInterfaceOrientationLandscapeRight";
				INFOPLIST_KEY_UISupportedInterfaceOrientations_iPhone = "UIInterfaceOrientationPortrait UIInterfaceOrientationLandscapeLeft UIInterfaceOrientationLandscapeRight";
				LD_RUNPATH_SEARCH_PATHS = (
					"$(inherited)",
					"@executable_path/Frameworks",
				);
				MARKETING_VERSION = 1.0;
				PRODUCT_BUNDLE_IDENTIFIER = com.parm.RickAndMorty;
				PRODUCT_NAME = "$(TARGET_NAME)";
				SWIFT_EMIT_LOC_STRINGS = YES;
				SWIFT_VERSION = 5.0;
				TARGETED_DEVICE_FAMILY = "1,2";
			};
			name = Release;
		};
/* End XCBuildConfiguration section */

/* Begin XCConfigurationList section */
		091451C6299FC6E3006EF55A /* Build configuration list for PBXProject "RickAndMorty" */ = {
			isa = XCConfigurationList;
			buildConfigurations = (
				091451DD299FC6E5006EF55A /* Debug */,
				091451DE299FC6E5006EF55A /* Release */,
			);
			defaultConfigurationIsVisible = 0;
			defaultConfigurationName = Release;
		};
		091451DF299FC6E5006EF55A /* Build configuration list for PBXNativeTarget "RickAndMorty" */ = {
			isa = XCConfigurationList;
			buildConfigurations = (
				091451E0299FC6E5006EF55A /* Debug */,
				091451E1299FC6E5006EF55A /* Release */,
			);
			defaultConfigurationIsVisible = 0;
			defaultConfigurationName = Release;
		};
/* End XCConfigurationList section */
	};
	rootObject = 091451C3299FC6E3006EF55A /* Project object */;
}
